
Microsoft Visual Studio Solution File, Format Version 11.00
# Visual C++ Express 2010
Project("{8BC9CEB8-8B4A-11D0-8D11-00A0C91BC942}") = "D3DU", "D3DU\D3DU.vcxproj", "{6B2B2DFE-F7E5-4182-A688-32D0F82FB320}"
EndProject
Project("{8BC9CEB8-8B4A-11D0-8D11-00A0C91BC942}") = "Triangle", "Triangle\Triangle.vcxproj", "{458CD0B4-D7FF-4271-BD05-1EC85D92E075}"
	ProjectSection(ProjectDependencies) = postProject
		{6B2B2DFE-F7E5-4182-A688-32D0F82FB320} = {6B2B2DFE-F7E5-4182-A688-32D0F82FB320}
	EndProjectSection
EndProject
Global
	GlobalSection(SolutionConfigurationPlatforms) = preSolution
		Debug|Win32 = Debug|Win32
		Release|Win32 = Release|Win32
	EndGlobalSection
	GlobalSection(ProjectConfigurationPlatforms) = postSolution
		{6B2B2DFE-F7E5-4182-A688-32D0F82FB320}.Debug|Win32.ActiveCfg = Debug|Win32
		{6B2B2DFE-F7E5-4182-A688-32D0F82FB320}.Debug|Win32.Build.0 = Debug|Win32
		{6B2B2DFE-F7E5-4182-A688-32D0F82FB320}.Release|Win32.ActiveCfg = Release|Win32
		{6B2B2DFE-F7E5-4182-A688-32D0F82FB320}.Release|Win32.Build.0 = Release|Win32
		{458CD0B4-D7FF-4271-BD05-1EC85D92E075}.Debug|Win32.ActiveCfg = Debug|Win32
		{458CD0B4-D7FF-4271-BD05-1EC85D92E075}.Debug|Win32.Build.0 = Debug|Win32
		{458CD0B4-D7FF-4271-BD05-1EC85D92E075}.Release|Win32.ActiveCfg = Release|Win32
		{458CD0B4-D7FF-4271-BD05-1EC85D92E075}.Release|Win32.Build.0 = Release|Win32
	EndGlobalSection
	GlobalSection(SolutionProperties) = preSolution
		HideSolutionNode = FALSE
	EndGlobalSection
EndGlobal
